
Microsoft Visual Studio Solution File, Format Version 12.00
# Visual Studio Version 16
VisualStudioVersion = 16.0.32002.261
MinimumVisualStudioVersion = 10.0.40219.1
Project("{FAE04EC0-301F-11D3-BF4B-00C04F79EFBC}") = "Day03", "Day03\Day03.csproj", "{43A08160-DC7B-4AB6-8767-F0FCA499A441}"
EndProject
Global
	GlobalSection(SolutionConfigurationPlatforms) = preSolution
		Debug|Any CPU = Debug|Any CPU
		Release|Any CPU = Release|Any CPU
	EndGlobalSection
	GlobalSection(ProjectConfigurationPlatforms) = postSolution
		{43A08160-DC7B-4AB6-8767-F0FCA499A441}.Debug|Any CPU.ActiveCfg = Debug|Any CPU
		{43A08160-DC7B-4AB6-8767-F0FCA499A441}.Debug|Any CPU.Build.0 = Debug|Any CPU
		{43A08160-DC7B-4AB6-8767-F0FCA499A441}.Release|Any CPU.ActiveCfg = Release|Any CPU
		{43A08160-DC7B-4AB6-8767-F0FCA499A441}.Release|Any CPU.Build.0 = Release|Any CPU
	EndGlobalSection
	GlobalSection(SolutionProperties) = preSolution
		HideSolutionNode = FALSE
	EndGlobalSection
	GlobalSection(ExtensibilityGlobals) = postSolution
		SolutionGuid = {1DDCED79-871E-4860-B99D-5DA0F55CAC1E}
	EndGlobalSection
EndGlobal
